// !$*UTF8*$!
{
	archiveVersion = 1;
	classes = {
	};
	objectVersion = 55;
	objects = {

/* Begin PBXBuildFile section */
		3B5684EF28376EC800B842C7 /* AppDelegate.swift in Sources */ = {isa = PBXBuildFile; fileRef = 3B5684EE28376EC800B842C7 /* AppDelegate.swift */; };
		3B5684F128376EC800B842C7 /* SceneDelegate.swift in Sources */ = {isa = PBXBuildFile; fileRef = 3B5684F028376EC800B842C7 /* SceneDelegate.swift */; };
		3B5684F328376EC800B842C7 /* ViewController.swift in Sources */ = {isa = PBXBuildFile; fileRef = 3B5684F228376EC800B842C7 /* ViewController.swift */; };
		3B5684F628376EC800B842C7 /* Main.storyboard in Resources */ = {isa = PBXBuildFile; fileRef = 3B5684F428376EC800B842C7 /* Main.storyboard */; };
		3B5684F828376ECA00B842C7 /* Assets.xcassets in Resources */ = {isa = PBXBuildFile; fileRef = 3B5684F728376ECA00B842C7 /* Assets.xcassets */; };
		3B5684FB28376ECA00B842C7 /* LaunchScreen.storyboard in Resources */ = {isa = PBXBuildFile; fileRef = 3B5684F928376ECA00B842C7 /* LaunchScreen.storyboard */; };
		3B56850628376ECA00B842C7 /* sampledesignTests.swift in Sources */ = {isa = PBXBuildFile; fileRef = 3B56850528376ECA00B842C7 /* sampledesignTests.swift */; };
		3B56851028376ECA00B842C7 /* sampledesignUITests.swift in Sources */ = {isa = PBXBuildFile; fileRef = 3B56850F28376ECA00B842C7 /* sampledesignUITests.swift */; };
		3B56851228376ECA00B842C7 /* sampledesignUITestsLaunchTests.swift in Sources */ = {isa = PBXBuildFile; fileRef = 3B56851128376ECA00B842C7 /* sampledesignUITestsLaunchTests.swift */; };
		3B5685202837764B00B842C7 /* NewTableViewCell.swift in Sources */ = {isa = PBXBuildFile; fileRef = 3B56851E2837764B00B842C7 /* NewTableViewCell.swift */; };
		3B5685212837764B00B842C7 /* NewTableViewCell.xib in Resources */ = {isa = PBXBuildFile; fileRef = 3B56851F2837764B00B842C7 /* NewTableViewCell.xib */; };
/* End PBXBuildFile section */

/* Begin PBXContainerItemProxy section */
		3B56850228376ECA00B842C7 /* PBXContainerItemProxy */ = {
			isa = PBXContainerItemProxy;
			containerPortal = 3B5684E328376EC800B842C7 /* Project object */;
			proxyType = 1;
			remoteGlobalIDString = 3B5684EA28376EC800B842C7;
			remoteInfo = sampledesign;
		};
		3B56850C28376ECA00B842C7 /* PBXContainerItemProxy */ = {
			isa = PBXContainerItemProxy;
			containerPortal = 3B5684E328376EC800B842C7 /* Project object */;
			proxyType = 1;
			remoteGlobalIDString = 3B5684EA28376EC800B842C7;
			remoteInfo = sampledesign;
		};
/* End PBXContainerItemProxy section */

/* Begin PBXFileReference section */
		3B5684EB28376EC800B842C7 /* sampledesign.app */ = {isa = PBXFileReference; explicitFileType = wrapper.application; includeInIndex = 0; path = sampledesign.app; sourceTree = BUILT_PRODUCTS_DIR; };
		3B5684EE28376EC800B842C7 /* AppDelegate.swift */ = {isa = PBXFileReference; lastKnownFileType = sourcecode.swift; path = AppDelegate.swift; sourceTree = "<group>"; };
		3B5684F028376EC800B842C7 /* SceneDelegate.swift */ = {isa = PBXFileReference; lastKnownFileType = sourcecode.swift; path = SceneDelegate.swift; sourceTree = "<group>"; };
		3B5684F228376EC800B842C7 /* ViewController.swift */ = {isa = PBXFileReference; lastKnownFileType = sourcecode.swift; path = ViewController.swift; sourceTree = "<group>"; };
		3B5684F528376EC800B842C7 /* Base */ = {isa = PBXFileReference; lastKnownFileType = file.storyboard; name = Base; path = Base.lproj/Main.storyboard; sourceTree = "<group>"; };
		3B5684F728376ECA00B842C7 /* Assets.xcassets */ = {isa = PBXFileReference; lastKnownFileType = folder.assetcatalog; path = Assets.xcassets; sourceTree = "<group>"; };
		3B5684FA28376ECA00B842C7 /* Base */ = {isa = PBXFileReference; lastKnownFileType = file.storyboard; name = Base; path = Base.lproj/LaunchScreen.storyboard; sourceTree = "<group>"; };
		3B5684FC28376ECA00B842C7 /* Info.plist */ = {isa = PBXFileReference; lastKnownFileType = text.plist.xml; path = Info.plist; sourceTree = "<group>"; };
		3B56850128376ECA00B842C7 /* sampledesignTests.xctest */ = {isa = PBXFileReference; explicitFileType = wrapper.cfbundle; includeInIndex = 0; path = sampledesignTests.xctest; sourceTree = BUILT_PRODUCTS_DIR; };
		3B56850528376ECA00B842C7 /* sampledesignTests.swift */ = {isa = PBXFileReference; lastKnownFileType = sourcecode.swift; path = sampledesignTests.swift; sourceTree = "<group>"; };
		3B56850B28376ECA00B842C7 /* sampledesignUITests.xctest */ = {isa = PBXFileReference; explicitFileType = wrapper.cfbundle; includeInIndex = 0; path = sampledesignUITests.xctest; sourceTree = BUILT_PRODUCTS_DIR; };
		3B56850F28376ECA00B842C7 /* sampledesignUITests.swift */ = {isa = PBXFileReference; lastKnownFileType = sourcecode.swift; path = sampledesignUITests.swift; sourceTree = "<group>"; };
		3B56851128376ECA00B842C7 /* sampledesignUITestsLaunchTests.swift */ = {isa = PBXFileReference; lastKnownFileType = sourcecode.swift; path = sampledesignUITestsLaunchTests.swift; sourceTree = "<group>"; };
		3B56851E2837764B00B842C7 /* NewTableViewCell.swift */ = {isa = PBXFileReference; lastKnownFileType = sourcecode.swift; path = NewTableViewCell.swift; sourceTree = "<group>"; };
		3B56851F2837764B00B842C7 /* NewTableViewCell.xib */ = {isa = PBXFileReference; lastKnownFileType = file.xib; path = NewTableViewCell.xib; sourceTree = "<group>"; };
/* End PBXFileReference section */

/* Begin PBXFrameworksBuildPhase section */
		3B5684E828376EC800B842C7 /* Frameworks */ = {
			isa = PBXFrameworksBuildPhase;
			buildActionMask = 2147483647;
			files = (
			);
			runOnlyForDeploymentPostprocessing = 0;
		};
		3B5684FE28376ECA00B842C7 /* Frameworks */ = {
			isa = PBXFrameworksBuildPhase;
			buildActionMask = 2147483647;
			files = (
			);
			runOnlyForDeploymentPostprocessing = 0;
		};
		3B56850828376ECA00B842C7 /* Frameworks */ = {
			isa = PBXFrameworksBuildPhase;
			buildActionMask = 2147483647;
			files = (
			);
			runOnlyForDeploymentPostprocessing = 0;
		};
/* End PBXFrameworksBuildPhase section */

/* Begin PBXGroup section */
		3B5684E228376EC800B842C7 = {
			isa = PBXGroup;
			children = (
				3B5684ED28376EC800B842C7 /* sampledesign */,
				3B56850428376ECA00B842C7 /* sampledesignTests */,
				3B56850E28376ECA00B842C7 /* sampledesignUITests */,
				3B5684EC28376EC800B842C7 /* Products */,
			);
			sourceTree = "<group>";
		};
		3B5684EC28376EC800B842C7 /* Products */ = {
			isa = PBXGroup;
			children = (
				3B5684EB28376EC800B842C7 /* sampledesign.app */,
				3B56850128376ECA00B842C7 /* sampledesignTests.xctest */,
				3B56850B28376ECA00B842C7 /* sampledesignUITests.xctest */,
			);
			name = Products;
			sourceTree = "<group>";
		};
		3B5684ED28376EC800B842C7 /* sampledesign */ = {
			isa = PBXGroup;
			children = (
				3B5684EE28376EC800B842C7 /* AppDelegate.swift */,
				3B5684F028376EC800B842C7 /* SceneDelegate.swift */,
				3B5684F228376EC800B842C7 /* ViewController.swift */,
				3B5684F428376EC800B842C7 /* Main.storyboard */,
				3B5684F728376ECA00B842C7 /* Assets.xcassets */,
				3B5684F928376ECA00B842C7 /* LaunchScreen.storyboard */,
				3B5684FC28376ECA00B842C7 /* Info.plist */,
				3B56851E2837764B00B842C7 /* NewTableViewCell.swift */,
				3B56851F2837764B00B842C7 /* NewTableViewCell.xib */,
			);
			path = sampledesign;
			sourceTree = "<group>";
		};
		3B56850428376ECA00B842C7 /* sampledesignTests */ = {
			isa = PBXGroup;
			children = (
				3B56850528376ECA00B842C7 /* sampledesignTests.swift */,
			);
			path = sampledesignTests;
			sourceTree = "<group>";
		};
		3B56850E28376ECA00B842C7 /* sampledesignUITests */ = {
			isa = PBXGroup;
			children = (
				3B56850F28376ECA00B842C7 /* sampledesignUITests.swift */,
				3B56851128376ECA00B842C7 /* sampledesignUITestsLaunchTests.swift */,
			);
			path = sampledesignUITests;
			sourceTree = "<group>";
		};
/* End PBXGroup section */

/* Begin PBXNativeTarget section */
		3B5684EA28376EC800B842C7 /* sampledesign */ = {
			isa = PBXNativeTarget;
			buildConfigurationList = 3B56851528376ECA00B842C7 /* Build configuration list for PBXNativeTarget "sampledesign" */;
			buildPhases = (
				3B5684E728376EC800B842C7 /* Sources */,
				3B5684E828376EC800B842C7 /* Frameworks */,
				3B5684E928376EC800B842C7 /* Resources */,
			);
			buildRules = (
			);
			dependencies = (
			);
			name = sampledesign;
			productName = sampledesign;
			productReference = 3B5684EB28376EC800B842C7 /* sampledesign.app */;
			productType = "com.apple.product-type.application";
		};
		3B56850028376ECA00B842C7 /* sampledesignTests */ = {
			isa = PBXNativeTarget;
			buildConfigurationList = 3B56851828376ECA00B842C7 /* Build configuration list for PBXNativeTarget "sampledesignTests" */;
			buildPhases = (
				3B5684FD28376ECA00B842C7 /* Sources */,
				3B5684FE28376ECA00B842C7 /* Frameworks */,
				3B5684FF28376ECA00B842C7 /* Resources */,
			);
			buildRules = (
			);
			dependencies = (
				3B56850328376ECA00B842C7 /* PBXTargetDependency */,
			);
			name = sampledesignTests;
			productName = sampledesignTests;
			productReference = 3B56850128376ECA00B842C7 /* sampledesignTests.xctest */;
			productType = "com.apple.product-type.bundle.unit-test";
		};
		3B56850A28376ECA00B842C7 /* sampledesignUITests */ = {
			isa = PBXNativeTarget;
			buildConfigurationList = 3B56851B28376ECA00B842C7 /* Build configuration list for PBXNativeTarget "sampledesignUITests" */;
			buildPhases = (
				3B56850728376ECA00B842C7 /* Sources */,
				3B56850828376ECA00B842C7 /* Frameworks */,
				3B56850928376ECA00B842C7 /* Resources */,
			);
			buildRules = (
			);
			dependencies = (
				3B56850D28376ECA00B842C7 /* PBXTargetDependency */,
			);
			name = sampledesignUITests;
			productName = sampledesignUITests;
			productReference = 3B56850B28376ECA00B842C7 /* sampledesignUITests.xctest */;
			productType = "com.apple.product-type.bundle.ui-testing";
		};
/* End PBXNativeTarget section */

/* Begin PBXProject section */
		3B5684E328376EC800B842C7 /* Project object */ = {
			isa = PBXProject;
			attributes = {
				BuildIndependentTargetsInParallel = 1;
				LastSwiftUpdateCheck = 1340;
				LastUpgradeCheck = 1340;
				TargetAttributes = {
					3B5684EA28376EC800B842C7 = {
						CreatedOnToolsVersion = 13.4;
					};
					3B56850028376ECA00B842C7 = {
						CreatedOnToolsVersion = 13.4;
						TestTargetID = 3B5684EA28376EC800B842C7;
					};
					3B56850A28376ECA00B842C7 = {
						CreatedOnToolsVersion = 13.4;
						TestTargetID = 3B5684EA28376EC800B842C7;
					};
				};
			};
			buildConfigurationList = 3B5684E628376EC800B842C7 /* Build configuration list for PBXProject "sampledesign" */;
			compatibilityVersion = "Xcode 13.0";
			developmentRegion = en;
			hasScannedForEncodings = 0;
			knownRegions = (
				en,
				Base,
			);
			mainGroup = 3B5684E228376EC800B842C7;
			productRefGroup = 3B5684EC28376EC800B842C7 /* Products */;
			projectDirPath = "";
			projectRoot = "";
			targets = (
				3B5684EA28376EC800B842C7 /* sampledesign */,
				3B56850028376ECA00B842C7 /* sampledesignTests */,
				3B56850A28376ECA00B842C7 /* sampledesignUITests */,
			);
		};
/* End PBXProject section */

/* Begin PBXResourcesBuildPhase section */
		3B5684E928376EC800B842C7 /* Resources */ = {
			isa = PBXResourcesBuildPhase;
			buildActionMask = 2147483647;
			files = (
				3B5684FB28376ECA00B842C7 /* LaunchScreen.storyboard in Resources */,
				3B5684F828376ECA00B842C7 /* Assets.xcassets in Resources */,
				3B5685212837764B00B842C7 /* NewTableViewCell.xib in Resources */,
				3B5684F628376EC800B842C7 /* Main.storyboard in Resources */,
			);
			runOnlyForDeploymentPostprocessing = 0;
		};
		3B5684FF28376ECA00B842C7 /* Resources */ = {
			isa = PBXResourcesBuildPhase;
			buildActionMask = 2147483647;
			files = (
			);
			runOnlyForDeploymentPostprocessing = 0;
		};
		3B56850928376ECA00B842C7 /* Resources */ = {
			isa = PBXResourcesBuildPhase;
			buildActionMask = 2147483647;
			files = (
			);
			runOnlyForDeploymentPostprocessing = 0;
		};
/* End PBXResourcesBuildPhase section */

/* Begin PBXSourcesBuildPhase section */
		3B5684E728376EC800B842C7 /* Sources */ = {
			isa = PBXSourcesBuildPhase;
			buildActionMask = 2147483647;
			files = (
				3B5684F328376EC800B842C7 /* ViewController.swift in Sources */,
				3B5684EF28376EC800B842C7 /* AppDelegate.swift in Sources */,
				3B5685202837764B00B842C7 /* NewTableViewCell.swift in Sources */,
				3B5684F128376EC800B842C7 /* SceneDelegate.swift in Sources */,
			);
			runOnlyForDeploymentPostprocessing = 0;
		};
		3B5684FD28376ECA00B842C7 /* Sources */ = {
			isa = PBXSourcesBuildPhase;
			buildActionMask = 2147483647;
			files = (
				3B56850628376ECA00B842C7 /* sampledesignTests.swift in Sources */,
			);
			runOnlyForDeploymentPostprocessing = 0;
		};
		3B56850728376ECA00B842C7 /* Sources */ = {
			isa = PBXSourcesBuildPhase;
			buildActionMask = 2147483647;
			files = (
				3B56851228376ECA00B842C7 /* sampledesignUITestsLaunchTests.swift in Sources */,
				3B56851028376ECA00B842C7 /* sampledesignUITests.swift in Sources */,
			);
			runOnlyForDeploymentPostprocessing = 0;
		};
/* End PBXSourcesBuildPhase section */

/* Begin PBXTargetDependency section */
		3B56850328376ECA00B842C7 /* PBXTargetDependency */ = {
			isa = PBXTargetDependency;
			target = 3B5684EA28376EC800B842C7 /* sampledesign */;
			targetProxy = 3B56850228376ECA00B842C7 /* PBXContainerItemProxy */;
		};
		3B56850D28376ECA00B842C7 /* PBXTargetDependency */ = {
			isa = PBXTargetDependency;
			target = 3B5684EA28376EC800B842C7 /* sampledesign */;
			targetProxy = 3B56850C28376ECA00B842C7 /* PBXContainerItemProxy */;
		};
/* End PBXTargetDependency section */

/* Begin PBXVariantGroup section */
		3B5684F428376EC800B842C7 /* Main.storyboard */ = {
			isa = PBXVariantGroup;
			children = (
				3B5684F528376EC800B842C7 /* Base */,
			);
			name = Main.storyboard;
			sourceTree = "<group>";
		};
		3B5684F928376ECA00B842C7 /* LaunchScreen.storyboard */ = {
			isa = PBXVariantGroup;
			children = (
				3B5684FA28376ECA00B842C7 /* Base */,
			);
			name = LaunchScreen.storyboard;
			sourceTree = "<group>";
		};
/* End PBXVariantGroup section */

/* Begin XCBuildConfiguration section */
		3B56851328376ECA00B842C7 /* Debug */ = {
			isa = XCBuildConfiguration;
			buildSettings = {
				ALWAYS_SEARCH_USER_PATHS = NO;
				CLANG_ANALYZER_NONNULL = YES;
				CLANG_ANALYZER_NUMBER_OBJECT_CONVERSION = YES_AGGRESSIVE;
				CLANG_CXX_LANGUAGE_STANDARD = "gnu++17";
				CLANG_ENABLE_MODULES = YES;
				CLANG_ENABLE_OBJC_ARC = YES;
				CLANG_ENABLE_OBJC_WEAK = YES;
				CLANG_WARN_BLOCK_CAPTURE_AUTORELEASING = YES;
				CLANG_WARN_BOOL_CONVERSION = YES;
				CLANG_WARN_COMMA = YES;
				CLANG_WARN_CONSTANT_CONVERSION = YES;
				CLANG_WARN_DEPRECATED_OBJC_IMPLEMENTATIONS = YES;
				CLANG_WARN_DIRECT_OBJC_ISA_USAGE = YES_ERROR;
				CLANG_WARN_DOCUMENTATION_COMMENTS = YES;
				CLANG_WARN_EMPTY_BODY = YES;
				CLANG_WARN_ENUM_CONVERSION = YES;
				CLANG_WARN_INFINITE_RECURSION = YES;
				CLANG_WARN_INT_CONVERSION = YES;
				CLANG_WARN_NON_LITERAL_NULL_CONVERSION = YES;
				CLANG_WARN_OBJC_IMPLICIT_RETAIN_SELF = YES;
				CLANG_WARN_OBJC_LITERAL_CONVERSION = YES;
				CLANG_WARN_OBJC_ROOT_CLASS = YES_ERROR;
				CLANG_WARN_QUOTED_INCLUDE_IN_FRAMEWORK_HEADER = YES;
				CLANG_WARN_RANGE_LOOP_ANALYSIS = YES;
				CLANG_WARN_STRICT_PROTOTYPES = YES;
				CLANG_WARN_SUSPICIOUS_MOVE = YES;
				CLANG_WARN_UNGUARDED_AVAILABILITY = YES_AGGRESSIVE;
				CLANG_WARN_UNREACHABLE_CODE = YES;
				CLANG_WARN__DUPLICATE_METHOD_MATCH = YES;
				COPY_PHASE_STRIP = NO;
				DEBUG_INFORMATION_FORMAT = dwarf;
				ENABLE_STRICT_OBJC_MSGSEND = YES;
				ENABLE_TESTABILITY = YES;
				GCC_C_LANGUAGE_STANDARD = gnu11;
				GCC_DYNAMIC_NO_PIC = NO;
				GCC_NO_COMMON_BLOCKS = YES;
				GCC_OPTIMIZATION_LEVEL = 0;
				GCC_PREPROCESSOR_DEFINITIONS = (
					"DEBUG=1",
					"$(inherited)",
				);
				GCC_WARN_64_TO_32_BIT_CONVERSION = YES;
				GCC_WARN_ABOUT_RETURN_TYPE = YES_ERROR;
				GCC_WARN_UNDECLARED_SELECTOR = YES;
				GCC_WARN_UNINITIALIZED_AUTOS = YES_AGGRESSIVE;
				GCC_WARN_UNUSED_FUNCTION = YES;
				GCC_WARN_UNUSED_VARIABLE = YES;
				IPHONEOS_DEPLOYMENT_TARGET = 15.5;
				MTL_ENABLE_DEBUG_INFO = INCLUDE_SOURCE;
				MTL_FAST_MATH = YES;
				ONLY_ACTIVE_ARCH = YES;
				SDKROOT = iphoneos;
				SWIFT_ACTIVE_COMPILATION_CONDITIONS = DEBUG;
				SWIFT_OPTIMIZATION_LEVEL = "-Onone";
			};
			name = Debug;
		};
		3B56851428376ECA00B842C7 /* Release */ = {
			isa = XCBuildConfiguration;
			buildSettings = {
				ALWAYS_SEARCH_USER_PATHS = NO;
				CLANG_ANALYZER_NONNULL = YES;
				CLANG_ANALYZER_NUMBER_OBJECT_CONVERSION = YES_AGGRESSIVE;
				CLANG_CXX_LANGUAGE_STANDARD = "gnu++17";
				CLANG_ENABLE_MODULES = YES;
				CLANG_ENABLE_OBJC_ARC = YES;
				CLANG_ENABLE_OBJC_WEAK = YES;
				CLANG_WARN_BLOCK_CAPTURE_AUTORELEASING = YES;
				CLANG_WARN_BOOL_CONVERSION = YES;
				CLANG_WARN_COMMA = YES;
				CLANG_WARN_CONSTANT_CONVERSION = YES;
				CLANG_WARN_DEPRECATED_OBJC_IMPLEMENTATIONS = YES;
				CLANG_WARN_DIRECT_OBJC_ISA_USAGE = YES_ERROR;
				CLANG_WARN_DOCUMENTATION_COMMENTS = YES;
				CLANG_WARN_EMPTY_BODY = YES;
				CLANG_WARN_ENUM_CONVERSION = YES;
				CLANG_WARN_INFINITE_RECURSION = YES;
				CLANG_WARN_INT_CONVERSION = YES;
				CLANG_WARN_NON_LITERAL_NULL_CONVERSION = YES;
				CLANG_WARN_OBJC_IMPLICIT_RETAIN_SELF = YES;
				CLANG_WARN_OBJC_LITERAL_CONVERSION = YES;
				CLANG_WARN_OBJC_ROOT_CLASS = YES_ERROR;
				CLANG_WARN_QUOTED_INCLUDE_IN_FRAMEWORK_HEADER = YES;
				CLANG_WARN_RANGE_LOOP_ANALYSIS = YES;
				CLANG_WARN_STRICT_PROTOTYPES = YES;
				CLANG_WARN_SUSPICIOUS_MOVE = YES;
				CLANG_WARN_UNGUARDED_AVAILABILITY = YES_AGGRESSIVE;
				CLANG_WARN_UNREACHABLE_CODE = YES;
				CLANG_WARN__DUPLICATE_METHOD_MATCH = YES;
				COPY_PHASE_STRIP = NO;
				DEBUG_INFORMATION_FORMAT = "dwarf-with-dsym";
				ENABLE_NS_ASSERTIONS = NO;
				ENABLE_STRICT_OBJC_MSGSEND = YES;
				GCC_C_LANGUAGE_STANDARD = gnu11;
				GCC_NO_COMMON_BLOCKS = YES;
				GCC_WARN_64_TO_32_BIT_CONVERSION = YES;
				GCC_WARN_ABOUT_RETURN_TYPE = YES_ERROR;
				GCC_WARN_UNDECLARED_SELECTOR = YES;
				GCC_WARN_UNINITIALIZED_AUTOS = YES_AGGRESSIVE;
				GCC_WARN_UNUSED_FUNCTION = YES;
				GCC_WARN_UNUSED_VARIABLE = YES;
				IPHONEOS_DEPLOYMENT_TARGET = 15.5;
				MTL_ENABLE_DEBUG_INFO = NO;
				MTL_FAST_MATH = YES;
				SDKROOT = iphoneos;
				SWIFT_COMPILATION_MODE = wholemodule;
				SWIFT_OPTIMIZATION_LEVEL = "-O";
				VALIDATE_PRODUCT = YES;
			};
			name = Release;
		};
		3B56851628376ECA00B842C7 /* Debug */ = {
			isa = XCBuildConfiguration;
			buildSettings = {
				ASSETCATALOG_COMPILER_APPICON_NAME = AppIcon;
				ASSETCATALOG_COMPILER_GLOBAL_ACCENT_COLOR_NAME = AccentColor;
				CODE_SIGN_STYLE = Automatic;
				CURRENT_PROJECT_VERSION = 1;
				DEVELOPMENT_TEAM = BHQ43NY8L8;
				GENERATE_INFOPLIST_FILE = YES;
				INFOPLIST_FILE = sampledesign/Info.plist;
				INFOPLIST_KEY_UIApplicationSupportsIndirectInputEvents = YES;
				INFOPLIST_KEY_UILaunchStoryboardName = LaunchScreen;
				INFOPLIST_KEY_UIMainStoryboardFile = Main;
				INFOPLIST_KEY_UISupportedInterfaceOrientations_iPad = "UIInterfaceOrientationPortrait UIInterfaceOrientationPortraitUpsideDown UIInterfaceOrientationLandscapeLeft UIInterfaceOrientationLandscapeRight";
				INFOPLIST_KEY_UISupportedInterfaceOrientations_iPhone = "UIInterfaceOrientationPortrait UIInterfaceOrientationLandscapeLeft UIInterfaceOrientationLandscapeRight";
				LD_RUNPATH_SEARCH_PATHS = (
					"$(inherited)",
					"@executable_path/Frameworks",
				);
				MARKETING_VERSION = 1.0;
				PRODUCT_BUNDLE_IDENTIFIER = com.hemanthhm.sampledesign;
				PRODUCT_NAME = "$(TARGET_NAME)";
				SWIFT_EMIT_LOC_STRINGS = YES;
				SWIFT_VERSION = 5.0;
				TARGETED_DEVICE_FAMILY = "1,2";
			};
			name = Debug;
		};
		3B56851728376ECA00B842C7 /* Release */ = {
			isa = XCBuildConfiguration;
			buildSettings = {
				ASSETCATALOG_COMPILER_APPICON_NAME = AppIcon;
				ASSETCATALOG_COMPILER_GLOBAL_ACCENT_COLOR_NAME = AccentColor;
				CODE_SIGN_STYLE = Automatic;
				CURRENT_PROJECT_VERSION = 1;
				DEVELOPMENT_TEAM = BHQ43NY8L8;
				GENERATE_INFOPLIST_FILE = YES;
				INFOPLIST_FILE = sampledesign/Info.plist;
				INFOPLIST_KEY_UIApplicationSupportsIndirectInputEvents = YES;
				INFOPLIST_KEY_UILaunchStoryboardName = LaunchScreen;
				INFOPLIST_KEY_UIMainStoryboardFile = Main;
				INFOPLIST_KEY_UISupportedInterfaceOrientations_iPad = "UIInterfaceOrientationPortrait UIInterfaceOrientationPortraitUpsideDown UIInterfaceOrientationLandscapeLeft UIInterfaceOrientationLandscapeRight";
				INFOPLIST_KEY_UISupportedInterfaceOrientations_iPhone = "UIInterfaceOrientationPortrait UIInterfaceOrientationLandscapeLeft UIInterfaceOrientationLandscapeRight";
				LD_RUNPATH_SEARCH_PATHS = (
					"$(inherited)",
					"@executable_path/Frameworks",
				);
				MARKETING_VERSION = 1.0;
				PRODUCT_BUNDLE_IDENTIFIER = com.hemanthhm.sampledesign;
				PRODUCT_NAME = "$(TARGET_NAME)";
				SWIFT_EMIT_LOC_STRINGS = YES;
				SWIFT_VERSION = 5.0;
				TARGETED_DEVICE_FAMILY = "1,2";
			};
			name = Release;
		};
		3B56851928376ECA00B842C7 /* Debug */ = {
			isa = XCBuildConfiguration;
			buildSettings = {
				ALWAYS_EMBED_SWIFT_STANDARD_LIBRARIES = YES;
				BUNDLE_LOADER = "$(TEST_HOST)";
				CODE_SIGN_STYLE = Automatic;
				CURRENT_PROJECT_VERSION = 1;
				DEVELOPMENT_TEAM = BHQ43NY8L8;
				GENERATE_INFOPLIST_FILE = YES;
				IPHONEOS_DEPLOYMENT_TARGET = 15.5;
				MARKETING_VERSION = 1.0;
				PRODUCT_BUNDLE_IDENTIFIER = com.hemanthhm.sampledesignTests;
				PRODUCT_NAME = "$(TARGET_NAME)";
				SWIFT_EMIT_LOC_STRINGS = NO;
				SWIFT_VERSION = 5.0;
				TARGETED_DEVICE_FAMILY = "1,2";
				TEST_HOST = "$(BUILT_PRODUCTS_DIR)/sampledesign.app/sampledesign";
			};
			name = Debug;
		};
		3B56851A28376ECA00B842C7 /* Release */ = {
			isa = XCBuildConfiguration;
			buildSettings = {
				ALWAYS_EMBED_SWIFT_STANDARD_LIBRARIES = YES;
				BUNDLE_LOADER = "$(TEST_HOST)";
				CODE_SIGN_STYLE = Automatic;
				CURRENT_PROJECT_VERSION = 1;
				DEVELOPMENT_TEAM = BHQ43NY8L8;
				GENERATE_INFOPLIST_FILE = YES;
				IPHONEOS_DEPLOYMENT_TARGET = 15.5;
				MARKETING_VERSION = 1.0;
				PRODUCT_BUNDLE_IDENTIFIER = com.hemanthhm.sampledesignTests;
				PRODUCT_NAME = "$(TARGET_NAME)";
				SWIFT_EMIT_LOC_STRINGS = NO;
				SWIFT_VERSION = 5.0;
				TARGETED_DEVICE_FAMILY = "1,2";
				TEST_HOST = "$(BUILT_PRODUCTS_DIR)/sampledesign.app/sampledesign";
			};
			name = Release;
		};
		3B56851C28376ECA00B842C7 /* Debug */ = {
			isa = XCBuildConfiguration;
			buildSettings = {
				ALWAYS_EMBED_SWIFT_STANDARD_LIBRARIES = YES;
				CODE_SIGN_STYLE = Automatic;
				CURRENT_PROJECT_VERSION = 1;
				DEVELOPMENT_TEAM = BHQ43NY8L8;
				GENERATE_INFOPLIST_FILE = YES;
				MARKETING_VERSION = 1.0;
				PRODUCT_BUNDLE_IDENTIFIER = com.hemanthhm.sampledesignUITests;
				PRODUCT_NAME = "$(TARGET_NAME)";
				SWIFT_EMIT_LOC_STRINGS = NO;
				SWIFT_VERSION = 5.0;
				TARGETED_DEVICE_FAMILY = "1,2";
				TEST_TARGET_NAME = sampledesign;
			};
			name = Debug;
		};
		3B56851D28376ECA00B842C7 /* Release */ = {
			isa = XCBuildConfiguration;
			buildSettings = {
				ALWAYS_EMBED_SWIFT_STANDARD_LIBRARIES = YES;
				CODE_SIGN_STYLE = Automatic;
				CURRENT_PROJECT_VERSION = 1;
				DEVELOPMENT_TEAM = BHQ43NY8L8;
				GENERATE_INFOPLIST_FILE = YES;
				MARKETING_VERSION = 1.0;
				PRODUCT_BUNDLE_IDENTIFIER = com.hemanthhm.sampledesignUITests;
				PRODUCT_NAME = "$(TARGET_NAME)";
				SWIFT_EMIT_LOC_STRINGS = NO;
				SWIFT_VERSION = 5.0;
				TARGETED_DEVICE_FAMILY = "1,2";
				TEST_TARGET_NAME = sampledesign;
			};
			name = Release;
		};
/* End XCBuildConfiguration section */

/* Begin XCConfigurationList section */
		3B5684E628376EC800B842C7 /* Build configuration list for PBXProject "sampledesign" */ = {
			isa = XCConfigurationList;
			buildConfigurations = (
				3B56851328376ECA00B842C7 /* Debug */,
				3B56851428376ECA00B842C7 /* Release */,
			);
			defaultConfigurationIsVisible = 0;
			defaultConfigurationName = Release;
		};
		3B56851528376ECA00B842C7 /* Build configuration list for PBXNativeTarget "sampledesign" */ = {
			isa = XCConfigurationList;
			buildConfigurations = (
				3B56851628376ECA00B842C7 /* Debug */,
				3B56851728376ECA00B842C7 /* Release */,
			);
			defaultConfigurationIsVisible = 0;
			defaultConfigurationName = Release;
		};
		3B56851828376ECA00B842C7 /* Build configuration list for PBXNativeTarget "sampledesignTests" */ = {
			isa = XCConfigurationList;
			buildConfigurations = (
				3B56851928376ECA00B842C7 /* Debug */,
				3B56851A28376ECA00B842C7 /* Release */,
			);
			defaultConfigurationIsVisible = 0;
			defaultConfigurationName = Release;
		};
		3B56851B28376ECA00B842C7 /* Build configuration list for PBXNativeTarget "sampledesignUITests" */ = {
			isa = XCConfigurationList;
			buildConfigurations = (
				3B56851C28376ECA00B842C7 /* Debug */,
				3B56851D28376ECA00B842C7 /* Release */,
			);
			defaultConfigurationIsVisible = 0;
			defaultConfigurationName = Release;
		};
/* End XCConfigurationList section */
	};
	rootObject = 3B5684E328376EC800B842C7 /* Project object */;
}
