// !$*UTF8*$!
{
	archiveVersion = 1;
	classes = {
	};
	objectVersion = 55;
	objects = {

/* Begin PBXBuildFile section */
		3BE0E102284883C900114234 /* AppDelegate.swift in Sources */ = {isa = PBXBuildFile; fileRef = 3BE0E101284883C900114234 /* AppDelegate.swift */; };
		3BE0E104284883C900114234 /* SceneDelegate.swift in Sources */ = {isa = PBXBuildFile; fileRef = 3BE0E103284883C900114234 /* SceneDelegate.swift */; };
		3BE0E106284883C900114234 /* ViewController.swift in Sources */ = {isa = PBXBuildFile; fileRef = 3BE0E105284883C900114234 /* ViewController.swift */; };
		3BE0E109284883C900114234 /* Main.storyboard in Resources */ = {isa = PBXBuildFile; fileRef = 3BE0E107284883C900114234 /* Main.storyboard */; };
		3BE0E10B284883CA00114234 /* Assets.xcassets in Resources */ = {isa = PBXBuildFile; fileRef = 3BE0E10A284883CA00114234 /* Assets.xcassets */; };
		3BE0E10E284883CA00114234 /* LaunchScreen.storyboard in Resources */ = {isa = PBXBuildFile; fileRef = 3BE0E10C284883CA00114234 /* LaunchScreen.storyboard */; };
		3BE0E119284883CA00114234 /* datepickTests.swift in Sources */ = {isa = PBXBuildFile; fileRef = 3BE0E118284883CA00114234 /* datepickTests.swift */; };
		3BE0E123284883CB00114234 /* datepickUITests.swift in Sources */ = {isa = PBXBuildFile; fileRef = 3BE0E122284883CB00114234 /* datepickUITests.swift */; };
		3BE0E125284883CB00114234 /* datepickUITestsLaunchTests.swift in Sources */ = {isa = PBXBuildFile; fileRef = 3BE0E124284883CB00114234 /* datepickUITestsLaunchTests.swift */; };
/* End PBXBuildFile section */

/* Begin PBXContainerItemProxy section */
		3BE0E115284883CA00114234 /* PBXContainerItemProxy */ = {
			isa = PBXContainerItemProxy;
			containerPortal = 3BE0E0F6284883C900114234 /* Project object */;
			proxyType = 1;
			remoteGlobalIDString = 3BE0E0FD284883C900114234;
			remoteInfo = datepick;
		};
		3BE0E11F284883CB00114234 /* PBXContainerItemProxy */ = {
			isa = PBXContainerItemProxy;
			containerPortal = 3BE0E0F6284883C900114234 /* Project object */;
			proxyType = 1;
			remoteGlobalIDString = 3BE0E0FD284883C900114234;
			remoteInfo = datepick;
		};
/* End PBXContainerItemProxy section */

/* Begin PBXFileReference section */
		3BE0E0FE284883C900114234 /* datepick.app */ = {isa = PBXFileReference; explicitFileType = wrapper.application; includeInIndex = 0; path = datepick.app; sourceTree = BUILT_PRODUCTS_DIR; };
		3BE0E101284883C900114234 /* AppDelegate.swift */ = {isa = PBXFileReference; lastKnownFileType = sourcecode.swift; path = AppDelegate.swift; sourceTree = "<group>"; };
		3BE0E103284883C900114234 /* SceneDelegate.swift */ = {isa = PBXFileReference; lastKnownFileType = sourcecode.swift; path = SceneDelegate.swift; sourceTree = "<group>"; };
		3BE0E105284883C900114234 /* ViewController.swift */ = {isa = PBXFileReference; lastKnownFileType = sourcecode.swift; path = ViewController.swift; sourceTree = "<group>"; };
		3BE0E108284883C900114234 /* Base */ = {isa = PBXFileReference; lastKnownFileType = file.storyboard; name = Base; path = Base.lproj/Main.storyboard; sourceTree = "<group>"; };
		3BE0E10A284883CA00114234 /* Assets.xcassets */ = {isa = PBXFileReference; lastKnownFileType = folder.assetcatalog; path = Assets.xcassets; sourceTree = "<group>"; };
		3BE0E10D284883CA00114234 /* Base */ = {isa = PBXFileReference; lastKnownFileType = file.storyboard; name = Base; path = Base.lproj/LaunchScreen.storyboard; sourceTree = "<group>"; };
		3BE0E10F284883CA00114234 /* Info.plist */ = {isa = PBXFileReference; lastKnownFileType = text.plist.xml; path = Info.plist; sourceTree = "<group>"; };
		3BE0E114284883CA00114234 /* datepickTests.xctest */ = {isa = PBXFileReference; explicitFileType = wrapper.cfbundle; includeInIndex = 0; path = datepickTests.xctest; sourceTree = BUILT_PRODUCTS_DIR; };
		3BE0E118284883CA00114234 /* datepickTests.swift */ = {isa = PBXFileReference; lastKnownFileType = sourcecode.swift; path = datepickTests.swift; sourceTree = "<group>"; };
		3BE0E11E284883CB00114234 /* datepickUITests.xctest */ = {isa = PBXFileReference; explicitFileType = wrapper.cfbundle; includeInIndex = 0; path = datepickUITests.xctest; sourceTree = BUILT_PRODUCTS_DIR; };
		3BE0E122284883CB00114234 /* datepickUITests.swift */ = {isa = PBXFileReference; lastKnownFileType = sourcecode.swift; path = datepickUITests.swift; sourceTree = "<group>"; };
		3BE0E124284883CB00114234 /* datepickUITestsLaunchTests.swift */ = {isa = PBXFileReference; lastKnownFileType = sourcecode.swift; path = datepickUITestsLaunchTests.swift; sourceTree = "<group>"; };
/* End PBXFileReference section */

/* Begin PBXFrameworksBuildPhase section */
		3BE0E0FB284883C900114234 /* Frameworks */ = {
			isa = PBXFrameworksBuildPhase;
			buildActionMask = 2147483647;
			files = (
			);
			runOnlyForDeploymentPostprocessing = 0;
		};
		3BE0E111284883CA00114234 /* Frameworks */ = {
			isa = PBXFrameworksBuildPhase;
			buildActionMask = 2147483647;
			files = (
			);
			runOnlyForDeploymentPostprocessing = 0;
		};
		3BE0E11B284883CB00114234 /* Frameworks */ = {
			isa = PBXFrameworksBuildPhase;
			buildActionMask = 2147483647;
			files = (
			);
			runOnlyForDeploymentPostprocessing = 0;
		};
/* End PBXFrameworksBuildPhase section */

/* Begin PBXGroup section */
		3BE0E0F5284883C900114234 = {
			isa = PBXGroup;
			children = (
				3BE0E100284883C900114234 /* datepick */,
				3BE0E117284883CA00114234 /* datepickTests */,
				3BE0E121284883CB00114234 /* datepickUITests */,
				3BE0E0FF284883C900114234 /* Products */,
			);
			sourceTree = "<group>";
		};
		3BE0E0FF284883C900114234 /* Products */ = {
			isa = PBXGroup;
			children = (
				3BE0E0FE284883C900114234 /* datepick.app */,
				3BE0E114284883CA00114234 /* datepickTests.xctest */,
				3BE0E11E284883CB00114234 /* datepickUITests.xctest */,
			);
			name = Products;
			sourceTree = "<group>";
		};
		3BE0E100284883C900114234 /* datepick */ = {
			isa = PBXGroup;
			children = (
				3BE0E101284883C900114234 /* AppDelegate.swift */,
				3BE0E103284883C900114234 /* SceneDelegate.swift */,
				3BE0E105284883C900114234 /* ViewController.swift */,
				3BE0E107284883C900114234 /* Main.storyboard */,
				3BE0E10A284883CA00114234 /* Assets.xcassets */,
				3BE0E10C284883CA00114234 /* LaunchScreen.storyboard */,
				3BE0E10F284883CA00114234 /* Info.plist */,
			);
			path = datepick;
			sourceTree = "<group>";
		};
		3BE0E117284883CA00114234 /* datepickTests */ = {
			isa = PBXGroup;
			children = (
				3BE0E118284883CA00114234 /* datepickTests.swift */,
			);
			path = datepickTests;
			sourceTree = "<group>";
		};
		3BE0E121284883CB00114234 /* datepickUITests */ = {
			isa = PBXGroup;
			children = (
				3BE0E122284883CB00114234 /* datepickUITests.swift */,
				3BE0E124284883CB00114234 /* datepickUITestsLaunchTests.swift */,
			);
			path = datepickUITests;
			sourceTree = "<group>";
		};
/* End PBXGroup section */

/* Begin PBXNativeTarget section */
		3BE0E0FD284883C900114234 /* datepick */ = {
			isa = PBXNativeTarget;
			buildConfigurationList = 3BE0E128284883CB00114234 /* Build configuration list for PBXNativeTarget "datepick" */;
			buildPhases = (
				3BE0E0FA284883C900114234 /* Sources */,
				3BE0E0FB284883C900114234 /* Frameworks */,
				3BE0E0FC284883C900114234 /* Resources */,
			);
			buildRules = (
			);
			dependencies = (
			);
			name = datepick;
			productName = datepick;
			productReference = 3BE0E0FE284883C900114234 /* datepick.app */;
			productType = "com.apple.product-type.application";
		};
		3BE0E113284883CA00114234 /* datepickTests */ = {
			isa = PBXNativeTarget;
			buildConfigurationList = 3BE0E12B284883CB00114234 /* Build configuration list for PBXNativeTarget "datepickTests" */;
			buildPhases = (
				3BE0E110284883CA00114234 /* Sources */,
				3BE0E111284883CA00114234 /* Frameworks */,
				3BE0E112284883CA00114234 /* Resources */,
			);
			buildRules = (
			);
			dependencies = (
				3BE0E116284883CA00114234 /* PBXTargetDependency */,
			);
			name = datepickTests;
			productName = datepickTests;
			productReference = 3BE0E114284883CA00114234 /* datepickTests.xctest */;
			productType = "com.apple.product-type.bundle.unit-test";
		};
		3BE0E11D284883CB00114234 /* datepickUITests */ = {
			isa = PBXNativeTarget;
			buildConfigurationList = 3BE0E12E284883CB00114234 /* Build configuration list for PBXNativeTarget "datepickUITests" */;
			buildPhases = (
				3BE0E11A284883CB00114234 /* Sources */,
				3BE0E11B284883CB00114234 /* Frameworks */,
				3BE0E11C284883CB00114234 /* Resources */,
			);
			buildRules = (
			);
			dependencies = (
				3BE0E120284883CB00114234 /* PBXTargetDependency */,
			);
			name = datepickUITests;
			productName = datepickUITests;
			productReference = 3BE0E11E284883CB00114234 /* datepickUITests.xctest */;
			productType = "com.apple.product-type.bundle.ui-testing";
		};
/* End PBXNativeTarget section */

/* Begin PBXProject section */
		3BE0E0F6284883C900114234 /* Project object */ = {
			isa = PBXProject;
			attributes = {
				BuildIndependentTargetsInParallel = 1;
				LastSwiftUpdateCheck = 1340;
				LastUpgradeCheck = 1340;
				TargetAttributes = {
					3BE0E0FD284883C900114234 = {
						CreatedOnToolsVersion = 13.4;
					};
					3BE0E113284883CA00114234 = {
						CreatedOnToolsVersion = 13.4;
						TestTargetID = 3BE0E0FD284883C900114234;
					};
					3BE0E11D284883CB00114234 = {
						CreatedOnToolsVersion = 13.4;
						TestTargetID = 3BE0E0FD284883C900114234;
					};
				};
			};
			buildConfigurationList = 3BE0E0F9284883C900114234 /* Build configuration list for PBXProject "datepick" */;
			compatibilityVersion = "Xcode 13.0";
			developmentRegion = en;
			hasScannedForEncodings = 0;
			knownRegions = (
				en,
				Base,
			);
			mainGroup = 3BE0E0F5284883C900114234;
			productRefGroup = 3BE0E0FF284883C900114234 /* Products */;
			projectDirPath = "";
			projectRoot = "";
			targets = (
				3BE0E0FD284883C900114234 /* datepick */,
				3BE0E113284883CA00114234 /* datepickTests */,
				3BE0E11D284883CB00114234 /* datepickUITests */,
			);
		};
/* End PBXProject section */

/* Begin PBXResourcesBuildPhase section */
		3BE0E0FC284883C900114234 /* Resources */ = {
			isa = PBXResourcesBuildPhase;
			buildActionMask = 2147483647;
			files = (
				3BE0E10E284883CA00114234 /* LaunchScreen.storyboard in Resources */,
				3BE0E10B284883CA00114234 /* Assets.xcassets in Resources */,
				3BE0E109284883C900114234 /* Main.storyboard in Resources */,
			);
			runOnlyForDeploymentPostprocessing = 0;
		};
		3BE0E112284883CA00114234 /* Resources */ = {
			isa = PBXResourcesBuildPhase;
			buildActionMask = 2147483647;
			files = (
			);
			runOnlyForDeploymentPostprocessing = 0;
		};
		3BE0E11C284883CB00114234 /* Resources */ = {
			isa = PBXResourcesBuildPhase;
			buildActionMask = 2147483647;
			files = (
			);
			runOnlyForDeploymentPostprocessing = 0;
		};
/* End PBXResourcesBuildPhase section */

/* Begin PBXSourcesBuildPhase section */
		3BE0E0FA284883C900114234 /* Sources */ = {
			isa = PBXSourcesBuildPhase;
			buildActionMask = 2147483647;
			files = (
				3BE0E106284883C900114234 /* ViewController.swift in Sources */,
				3BE0E102284883C900114234 /* AppDelegate.swift in Sources */,
				3BE0E104284883C900114234 /* SceneDelegate.swift in Sources */,
			);
			runOnlyForDeploymentPostprocessing = 0;
		};
		3BE0E110284883CA00114234 /* Sources */ = {
			isa = PBXSourcesBuildPhase;
			buildActionMask = 2147483647;
			files = (
				3BE0E119284883CA00114234 /* datepickTests.swift in Sources */,
			);
			runOnlyForDeploymentPostprocessing = 0;
		};
		3BE0E11A284883CB00114234 /* Sources */ = {
			isa = PBXSourcesBuildPhase;
			buildActionMask = 2147483647;
			files = (
				3BE0E125284883CB00114234 /* datepickUITestsLaunchTests.swift in Sources */,
				3BE0E123284883CB00114234 /* datepickUITests.swift in Sources */,
			);
			runOnlyForDeploymentPostprocessing = 0;
		};
/* End PBXSourcesBuildPhase section */

/* Begin PBXTargetDependency section */
		3BE0E116284883CA00114234 /* PBXTargetDependency */ = {
			isa = PBXTargetDependency;
			target = 3BE0E0FD284883C900114234 /* datepick */;
			targetProxy = 3BE0E115284883CA00114234 /* PBXContainerItemProxy */;
		};
		3BE0E120284883CB00114234 /* PBXTargetDependency */ = {
			isa = PBXTargetDependency;
			target = 3BE0E0FD284883C900114234 /* datepick */;
			targetProxy = 3BE0E11F284883CB00114234 /* PBXContainerItemProxy */;
		};
/* End PBXTargetDependency section */

/* Begin PBXVariantGroup section */
		3BE0E107284883C900114234 /* Main.storyboard */ = {
			isa = PBXVariantGroup;
			children = (
				3BE0E108284883C900114234 /* Base */,
			);
			name = Main.storyboard;
			sourceTree = "<group>";
		};
		3BE0E10C284883CA00114234 /* LaunchScreen.storyboard */ = {
			isa = PBXVariantGroup;
			children = (
				3BE0E10D284883CA00114234 /* Base */,
			);
			name = LaunchScreen.storyboard;
			sourceTree = "<group>";
		};
/* End PBXVariantGroup section */

/* Begin XCBuildConfiguration section */
		3BE0E126284883CB00114234 /* Debug */ = {
			isa = XCBuildConfiguration;
			buildSettings = {
				ALWAYS_SEARCH_USER_PATHS = NO;
				CLANG_ANALYZER_NONNULL = YES;
				CLANG_ANALYZER_NUMBER_OBJECT_CONVERSION = YES_AGGRESSIVE;
				CLANG_CXX_LANGUAGE_STANDARD = "gnu++17";
				CLANG_ENABLE_MODULES = YES;
				CLANG_ENABLE_OBJC_ARC = YES;
				CLANG_ENABLE_OBJC_WEAK = YES;
				CLANG_WARN_BLOCK_CAPTURE_AUTORELEASING = YES;
				CLANG_WARN_BOOL_CONVERSION = YES;
				CLANG_WARN_COMMA = YES;
				CLANG_WARN_CONSTANT_CONVERSION = YES;
				CLANG_WARN_DEPRECATED_OBJC_IMPLEMENTATIONS = YES;
				CLANG_WARN_DIRECT_OBJC_ISA_USAGE = YES_ERROR;
				CLANG_WARN_DOCUMENTATION_COMMENTS = YES;
				CLANG_WARN_EMPTY_BODY = YES;
				CLANG_WARN_ENUM_CONVERSION = YES;
				CLANG_WARN_INFINITE_RECURSION = YES;
				CLANG_WARN_INT_CONVERSION = YES;
				CLANG_WARN_NON_LITERAL_NULL_CONVERSION = YES;
				CLANG_WARN_OBJC_IMPLICIT_RETAIN_SELF = YES;
				CLANG_WARN_OBJC_LITERAL_CONVERSION = YES;
				CLANG_WARN_OBJC_ROOT_CLASS = YES_ERROR;
				CLANG_WARN_QUOTED_INCLUDE_IN_FRAMEWORK_HEADER = YES;
				CLANG_WARN_RANGE_LOOP_ANALYSIS = YES;
				CLANG_WARN_STRICT_PROTOTYPES = YES;
				CLANG_WARN_SUSPICIOUS_MOVE = YES;
				CLANG_WARN_UNGUARDED_AVAILABILITY = YES_AGGRESSIVE;
				CLANG_WARN_UNREACHABLE_CODE = YES;
				CLANG_WARN__DUPLICATE_METHOD_MATCH = YES;
				COPY_PHASE_STRIP = NO;
				DEBUG_INFORMATION_FORMAT = dwarf;
				ENABLE_STRICT_OBJC_MSGSEND = YES;
				ENABLE_TESTABILITY = YES;
				GCC_C_LANGUAGE_STANDARD = gnu11;
				GCC_DYNAMIC_NO_PIC = NO;
				GCC_NO_COMMON_BLOCKS = YES;
				GCC_OPTIMIZATION_LEVEL = 0;
				GCC_PREPROCESSOR_DEFINITIONS = (
					"DEBUG=1",
					"$(inherited)",
				);
				GCC_WARN_64_TO_32_BIT_CONVERSION = YES;
				GCC_WARN_ABOUT_RETURN_TYPE = YES_ERROR;
				GCC_WARN_UNDECLARED_SELECTOR = YES;
				GCC_WARN_UNINITIALIZED_AUTOS = YES_AGGRESSIVE;
				GCC_WARN_UNUSED_FUNCTION = YES;
				GCC_WARN_UNUSED_VARIABLE = YES;
				IPHONEOS_DEPLOYMENT_TARGET = 15.5;
				MTL_ENABLE_DEBUG_INFO = INCLUDE_SOURCE;
				MTL_FAST_MATH = YES;
				ONLY_ACTIVE_ARCH = YES;
				SDKROOT = iphoneos;
				SWIFT_ACTIVE_COMPILATION_CONDITIONS = DEBUG;
				SWIFT_OPTIMIZATION_LEVEL = "-Onone";
			};
			name = Debug;
		};
		3BE0E127284883CB00114234 /* Release */ = {
			isa = XCBuildConfiguration;
			buildSettings = {
				ALWAYS_SEARCH_USER_PATHS = NO;
				CLANG_ANALYZER_NONNULL = YES;
				CLANG_ANALYZER_NUMBER_OBJECT_CONVERSION = YES_AGGRESSIVE;
				CLANG_CXX_LANGUAGE_STANDARD = "gnu++17";
				CLANG_ENABLE_MODULES = YES;
				CLANG_ENABLE_OBJC_ARC = YES;
				CLANG_ENABLE_OBJC_WEAK = YES;
				CLANG_WARN_BLOCK_CAPTURE_AUTORELEASING = YES;
				CLANG_WARN_BOOL_CONVERSION = YES;
				CLANG_WARN_COMMA = YES;
				CLANG_WARN_CONSTANT_CONVERSION = YES;
				CLANG_WARN_DEPRECATED_OBJC_IMPLEMENTATIONS = YES;
				CLANG_WARN_DIRECT_OBJC_ISA_USAGE = YES_ERROR;
				CLANG_WARN_DOCUMENTATION_COMMENTS = YES;
				CLANG_WARN_EMPTY_BODY = YES;
				CLANG_WARN_ENUM_CONVERSION = YES;
				CLANG_WARN_INFINITE_RECURSION = YES;
				CLANG_WARN_INT_CONVERSION = YES;
				CLANG_WARN_NON_LITERAL_NULL_CONVERSION = YES;
				CLANG_WARN_OBJC_IMPLICIT_RETAIN_SELF = YES;
				CLANG_WARN_OBJC_LITERAL_CONVERSION = YES;
				CLANG_WARN_OBJC_ROOT_CLASS = YES_ERROR;
				CLANG_WARN_QUOTED_INCLUDE_IN_FRAMEWORK_HEADER = YES;
				CLANG_WARN_RANGE_LOOP_ANALYSIS = YES;
				CLANG_WARN_STRICT_PROTOTYPES = YES;
				CLANG_WARN_SUSPICIOUS_MOVE = YES;
				CLANG_WARN_UNGUARDED_AVAILABILITY = YES_AGGRESSIVE;
				CLANG_WARN_UNREACHABLE_CODE = YES;
				CLANG_WARN__DUPLICATE_METHOD_MATCH = YES;
				COPY_PHASE_STRIP = NO;
				DEBUG_INFORMATION_FORMAT = "dwarf-with-dsym";
				ENABLE_NS_ASSERTIONS = NO;
				ENABLE_STRICT_OBJC_MSGSEND = YES;
				GCC_C_LANGUAGE_STANDARD = gnu11;
				GCC_NO_COMMON_BLOCKS = YES;
				GCC_WARN_64_TO_32_BIT_CONVERSION = YES;
				GCC_WARN_ABOUT_RETURN_TYPE = YES_ERROR;
				GCC_WARN_UNDECLARED_SELECTOR = YES;
				GCC_WARN_UNINITIALIZED_AUTOS = YES_AGGRESSIVE;
				GCC_WARN_UNUSED_FUNCTION = YES;
				GCC_WARN_UNUSED_VARIABLE = YES;
				IPHONEOS_DEPLOYMENT_TARGET = 15.5;
				MTL_ENABLE_DEBUG_INFO = NO;
				MTL_FAST_MATH = YES;
				SDKROOT = iphoneos;
				SWIFT_COMPILATION_MODE = wholemodule;
				SWIFT_OPTIMIZATION_LEVEL = "-O";
				VALIDATE_PRODUCT = YES;
			};
			name = Release;
		};
		3BE0E129284883CB00114234 /* Debug */ = {
			isa = XCBuildConfiguration;
			buildSettings = {
				ASSETCATALOG_COMPILER_APPICON_NAME = AppIcon;
				ASSETCATALOG_COMPILER_GLOBAL_ACCENT_COLOR_NAME = AccentColor;
				CODE_SIGN_STYLE = Automatic;
				CURRENT_PROJECT_VERSION = 1;
				DEVELOPMENT_TEAM = BHQ43NY8L8;
				GENERATE_INFOPLIST_FILE = YES;
				INFOPLIST_FILE = datepick/Info.plist;
				INFOPLIST_KEY_UIApplicationSupportsIndirectInputEvents = YES;
				INFOPLIST_KEY_UILaunchStoryboardName = LaunchScreen;
				INFOPLIST_KEY_UIMainStoryboardFile = Main;
				INFOPLIST_KEY_UISupportedInterfaceOrientations_iPad = "UIInterfaceOrientationPortrait UIInterfaceOrientationPortraitUpsideDown UIInterfaceOrientationLandscapeLeft UIInterfaceOrientationLandscapeRight";
				INFOPLIST_KEY_UISupportedInterfaceOrientations_iPhone = "UIInterfaceOrientationPortrait UIInterfaceOrientationLandscapeLeft UIInterfaceOrientationLandscapeRight";
				LD_RUNPATH_SEARCH_PATHS = (
					"$(inherited)",
					"@executable_path/Frameworks",
				);
				MARKETING_VERSION = 1.0;
				PRODUCT_BUNDLE_IDENTIFIER = com.hemanthhm.datepick;
				PRODUCT_NAME = "$(TARGET_NAME)";
				SWIFT_EMIT_LOC_STRINGS = YES;
				SWIFT_VERSION = 5.0;
				TARGETED_DEVICE_FAMILY = "1,2";
			};
			name = Debug;
		};
		3BE0E12A284883CB00114234 /* Release */ = {
			isa = XCBuildConfiguration;
			buildSettings = {
				ASSETCATALOG_COMPILER_APPICON_NAME = AppIcon;
				ASSETCATALOG_COMPILER_GLOBAL_ACCENT_COLOR_NAME = AccentColor;
				CODE_SIGN_STYLE = Automatic;
				CURRENT_PROJECT_VERSION = 1;
				DEVELOPMENT_TEAM = BHQ43NY8L8;
				GENERATE_INFOPLIST_FILE = YES;
				INFOPLIST_FILE = datepick/Info.plist;
				INFOPLIST_KEY_UIApplicationSupportsIndirectInputEvents = YES;
				INFOPLIST_KEY_UILaunchStoryboardName = LaunchScreen;
				INFOPLIST_KEY_UIMainStoryboardFile = Main;
				INFOPLIST_KEY_UISupportedInterfaceOrientations_iPad = "UIInterfaceOrientationPortrait UIInterfaceOrientationPortraitUpsideDown UIInterfaceOrientationLandscapeLeft UIInterfaceOrientationLandscapeRight";
				INFOPLIST_KEY_UISupportedInterfaceOrientations_iPhone = "UIInterfaceOrientationPortrait UIInterfaceOrientationLandscapeLeft UIInterfaceOrientationLandscapeRight";
				LD_RUNPATH_SEARCH_PATHS = (
					"$(inherited)",
					"@executable_path/Frameworks",
				);
				MARKETING_VERSION = 1.0;
				PRODUCT_BUNDLE_IDENTIFIER = com.hemanthhm.datepick;
				PRODUCT_NAME = "$(TARGET_NAME)";
				SWIFT_EMIT_LOC_STRINGS = YES;
				SWIFT_VERSION = 5.0;
				TARGETED_DEVICE_FAMILY = "1,2";
			};
			name = Release;
		};
		3BE0E12C284883CB00114234 /* Debug */ = {
			isa = XCBuildConfiguration;
			buildSettings = {
				ALWAYS_EMBED_SWIFT_STANDARD_LIBRARIES = YES;
				BUNDLE_LOADER = "$(TEST_HOST)";
				CODE_SIGN_STYLE = Automatic;
				CURRENT_PROJECT_VERSION = 1;
				DEVELOPMENT_TEAM = BHQ43NY8L8;
				GENERATE_INFOPLIST_FILE = YES;
				IPHONEOS_DEPLOYMENT_TARGET = 15.5;
				MARKETING_VERSION = 1.0;
				PRODUCT_BUNDLE_IDENTIFIER = com.hemanthhm.datepickTests;
				PRODUCT_NAME = "$(TARGET_NAME)";
				SWIFT_EMIT_LOC_STRINGS = NO;
				SWIFT_VERSION = 5.0;
				TARGETED_DEVICE_FAMILY = "1,2";
				TEST_HOST = "$(BUILT_PRODUCTS_DIR)/datepick.app/datepick";
			};
			name = Debug;
		};
		3BE0E12D284883CB00114234 /* Release */ = {
			isa = XCBuildConfiguration;
			buildSettings = {
				ALWAYS_EMBED_SWIFT_STANDARD_LIBRARIES = YES;
				BUNDLE_LOADER = "$(TEST_HOST)";
				CODE_SIGN_STYLE = Automatic;
				CURRENT_PROJECT_VERSION = 1;
				DEVELOPMENT_TEAM = BHQ43NY8L8;
				GENERATE_INFOPLIST_FILE = YES;
				IPHONEOS_DEPLOYMENT_TARGET = 15.5;
				MARKETING_VERSION = 1.0;
				PRODUCT_BUNDLE_IDENTIFIER = com.hemanthhm.datepickTests;
				PRODUCT_NAME = "$(TARGET_NAME)";
				SWIFT_EMIT_LOC_STRINGS = NO;
				SWIFT_VERSION = 5.0;
				TARGETED_DEVICE_FAMILY = "1,2";
				TEST_HOST = "$(BUILT_PRODUCTS_DIR)/datepick.app/datepick";
			};
			name = Release;
		};
		3BE0E12F284883CB00114234 /* Debug */ = {
			isa = XCBuildConfiguration;
			buildSettings = {
				ALWAYS_EMBED_SWIFT_STANDARD_LIBRARIES = YES;
				CODE_SIGN_STYLE = Automatic;
				CURRENT_PROJECT_VERSION = 1;
				DEVELOPMENT_TEAM = BHQ43NY8L8;
				GENERATE_INFOPLIST_FILE = YES;
				MARKETING_VERSION = 1.0;
				PRODUCT_BUNDLE_IDENTIFIER = com.hemanthhm.datepickUITests;
				PRODUCT_NAME = "$(TARGET_NAME)";
				SWIFT_EMIT_LOC_STRINGS = NO;
				SWIFT_VERSION = 5.0;
				TARGETED_DEVICE_FAMILY = "1,2";
				TEST_TARGET_NAME = datepick;
			};
			name = Debug;
		};
		3BE0E130284883CB00114234 /* Release */ = {
			isa = XCBuildConfiguration;
			buildSettings = {
				ALWAYS_EMBED_SWIFT_STANDARD_LIBRARIES = YES;
				CODE_SIGN_STYLE = Automatic;
				CURRENT_PROJECT_VERSION = 1;
				DEVELOPMENT_TEAM = BHQ43NY8L8;
				GENERATE_INFOPLIST_FILE = YES;
				MARKETING_VERSION = 1.0;
				PRODUCT_BUNDLE_IDENTIFIER = com.hemanthhm.datepickUITests;
				PRODUCT_NAME = "$(TARGET_NAME)";
				SWIFT_EMIT_LOC_STRINGS = NO;
				SWIFT_VERSION = 5.0;
				TARGETED_DEVICE_FAMILY = "1,2";
				TEST_TARGET_NAME = datepick;
			};
			name = Release;
		};
/* End XCBuildConfiguration section */

/* Begin XCConfigurationList section */
		3BE0E0F9284883C900114234 /* Build configuration list for PBXProject "datepick" */ = {
			isa = XCConfigurationList;
			buildConfigurations = (
				3BE0E126284883CB00114234 /* Debug */,
				3BE0E127284883CB00114234 /* Release */,
			);
			defaultConfigurationIsVisible = 0;
			defaultConfigurationName = Release;
		};
		3BE0E128284883CB00114234 /* Build configuration list for PBXNativeTarget "datepick" */ = {
			isa = XCConfigurationList;
			buildConfigurations = (
				3BE0E129284883CB00114234 /* Debug */,
				3BE0E12A284883CB00114234 /* Release */,
			);
			defaultConfigurationIsVisible = 0;
			defaultConfigurationName = Release;
		};
		3BE0E12B284883CB00114234 /* Build configuration list for PBXNativeTarget "datepickTests" */ = {
			isa = XCConfigurationList;
			buildConfigurations = (
				3BE0E12C284883CB00114234 /* Debug */,
				3BE0E12D284883CB00114234 /* Release */,
			);
			defaultConfigurationIsVisible = 0;
			defaultConfigurationName = Release;
		};
		3BE0E12E284883CB00114234 /* Build configuration list for PBXNativeTarget "datepickUITests" */ = {
			isa = XCConfigurationList;
			buildConfigurations = (
				3BE0E12F284883CB00114234 /* Debug */,
				3BE0E130284883CB00114234 /* Release */,
			);
			defaultConfigurationIsVisible = 0;
			defaultConfigurationName = Release;
		};
/* End XCConfigurationList section */
	};
	rootObject = 3BE0E0F6284883C900114234 /* Project object */;
}
